
Microsoft Visual Studio Solution File, Format Version 12.00
# Visual Studio Version 17
VisualStudioVersion = 17.6.33815.320
MinimumVisualStudioVersion = 10.0.40219.1
Project("{FAE04EC0-301F-11D3-BF4B-00C04F79EFBC}") = "ServiceCheck.Core", "ServiceCheck.Core\ServiceCheck.Core.csproj", "{81C4AA3D-A522-41B7-88F1-D3A519597B76}"
EndProject
Project("{FAE04EC0-301F-11D3-BF4B-00C04F79EFBC}") = "ServiceCheck", "ServiceCheck\ServiceCheck.csproj", "{EC2B26DC-1F0D-4B73-AE68-DA190886E39A}"
EndProject
Project("{FAE04EC0-301F-11D3-BF4B-00C04F79EFBC}") = "ServiceCheck.WinForm", "ServiceCheck.WinForm\ServiceCheck.WinForm.csproj", "{7E52A1F9-E2C9-4CF8-9FFD-B9B62B0D9D0C}"
EndProject
Project("{FAE04EC0-301F-11D3-BF4B-00C04F79EFBC}") = "VcsManager.WinForm", "VcsManager.WinForm\VcsManager.WinForm.csproj", "{C2291279-DB4B-46AF-ABC2-1D67E2C51424}"
EndProject
Project("{FAE04EC0-301F-11D3-BF4B-00C04F79EFBC}") = "TextProc", "TextProc\TextProc.csproj", "{620317DA-F2B2-45F0-B13F-6B85575A1DE6}"
EndProject
Project("{FAE04EC0-301F-11D3-BF4B-00C04F79EFBC}") = "TextProc.Core", "TextProc.Core\TextProc.Core.csproj", "{B092DA34-135E-4112-B700-9882A4057B21}"
EndProject
Project("{FAE04EC0-301F-11D3-BF4B-00C04F79EFBC}") = "ServiceCheckOuter", "ServiceCheckOuter\ServiceCheckOuter.csproj", "{348BE40A-130A-47A1-849F-E861995EF24C}"
EndProject
Project("{FAE04EC0-301F-11D3-BF4B-00C04F79EFBC}") = "ServiceCheckOuterObjList", "ServiceCheckOuterObjList\ServiceCheckOuterObjList.csproj", "{9C53863F-5E4B-4854-ADB1-73C3783E9481}"
EndProject
Global
	GlobalSection(SolutionConfigurationPlatforms) = preSolution
		Debug|Any CPU = Debug|Any CPU
		Release|Any CPU = Release|Any CPU
	EndGlobalSection
	GlobalSection(ProjectConfigurationPlatforms) = postSolution
		{81C4AA3D-A522-41B7-88F1-D3A519597B76}.Debug|Any CPU.ActiveCfg = Debug|Any CPU
		{81C4AA3D-A522-41B7-88F1-D3A519597B76}.Debug|Any CPU.Build.0 = Debug|Any CPU
		{81C4AA3D-A522-41B7-88F1-D3A519597B76}.Release|Any CPU.ActiveCfg = Release|Any CPU
		{81C4AA3D-A522-41B7-88F1-D3A519597B76}.Release|Any CPU.Build.0 = Release|Any CPU
		{EC2B26DC-1F0D-4B73-AE68-DA190886E39A}.Debug|Any CPU.ActiveCfg = Debug|Any CPU
		{EC2B26DC-1F0D-4B73-AE68-DA190886E39A}.Debug|Any CPU.Build.0 = Debug|Any CPU
		{EC2B26DC-1F0D-4B73-AE68-DA190886E39A}.Release|Any CPU.ActiveCfg = Release|Any CPU
		{EC2B26DC-1F0D-4B73-AE68-DA190886E39A}.Release|Any CPU.Build.0 = Release|Any CPU
		{7E52A1F9-E2C9-4CF8-9FFD-B9B62B0D9D0C}.Debug|Any CPU.ActiveCfg = Debug|Any CPU
		{7E52A1F9-E2C9-4CF8-9FFD-B9B62B0D9D0C}.Debug|Any CPU.Build.0 = Debug|Any CPU
		{7E52A1F9-E2C9-4CF8-9FFD-B9B62B0D9D0C}.Release|Any CPU.ActiveCfg = Release|Any CPU
		{7E52A1F9-E2C9-4CF8-9FFD-B9B62B0D9D0C}.Release|Any CPU.Build.0 = Release|Any CPU
		{C2291279-DB4B-46AF-ABC2-1D67E2C51424}.Debug|Any CPU.ActiveCfg = Debug|Any CPU
		{C2291279-DB4B-46AF-ABC2-1D67E2C51424}.Debug|Any CPU.Build.0 = Debug|Any CPU
		{C2291279-DB4B-46AF-ABC2-1D67E2C51424}.Release|Any CPU.ActiveCfg = Release|Any CPU
		{C2291279-DB4B-46AF-ABC2-1D67E2C51424}.Release|Any CPU.Build.0 = Release|Any CPU
		{620317DA-F2B2-45F0-B13F-6B85575A1DE6}.Debug|Any CPU.ActiveCfg = Debug|Any CPU
		{620317DA-F2B2-45F0-B13F-6B85575A1DE6}.Debug|Any CPU.Build.0 = Debug|Any CPU
		{620317DA-F2B2-45F0-B13F-6B85575A1DE6}.Release|Any CPU.ActiveCfg = Release|Any CPU
		{620317DA-F2B2-45F0-B13F-6B85575A1DE6}.Release|Any CPU.Build.0 = Release|Any CPU
		{B092DA34-135E-4112-B700-9882A4057B21}.Debug|Any CPU.ActiveCfg = Debug|Any CPU
		{B092DA34-135E-4112-B700-9882A4057B21}.Debug|Any CPU.Build.0 = Debug|Any CPU
		{B092DA34-135E-4112-B700-9882A4057B21}.Release|Any CPU.ActiveCfg = Release|Any CPU
		{B092DA34-135E-4112-B700-9882A4057B21}.Release|Any CPU.Build.0 = Release|Any CPU
		{348BE40A-130A-47A1-849F-E861995EF24C}.Debug|Any CPU.ActiveCfg = Debug|Any CPU
		{348BE40A-130A-47A1-849F-E861995EF24C}.Debug|Any CPU.Build.0 = Debug|Any CPU
		{348BE40A-130A-47A1-849F-E861995EF24C}.Release|Any CPU.ActiveCfg = Release|Any CPU
		{348BE40A-130A-47A1-849F-E861995EF24C}.Release|Any CPU.Build.0 = Release|Any CPU
		{9C53863F-5E4B-4854-ADB1-73C3783E9481}.Debug|Any CPU.ActiveCfg = Debug|Any CPU
		{9C53863F-5E4B-4854-ADB1-73C3783E9481}.Debug|Any CPU.Build.0 = Debug|Any CPU
		{9C53863F-5E4B-4854-ADB1-73C3783E9481}.Release|Any CPU.ActiveCfg = Release|Any CPU
		{9C53863F-5E4B-4854-ADB1-73C3783E9481}.Release|Any CPU.Build.0 = Release|Any CPU
	EndGlobalSection
	GlobalSection(SolutionProperties) = preSolution
		HideSolutionNode = FALSE
	EndGlobalSection
	GlobalSection(ExtensibilityGlobals) = postSolution
		SolutionGuid = {FB7DF757-2CF4-448D-A45C-9FBD18518DE8}
	EndGlobalSection
EndGlobal
